
Microsoft Visual Studio Solution File, Format Version 12.00
# Visual Studio Version 17
VisualStudioVersion = 17.5.33209.295
MinimumVisualStudioVersion = 10.0.40219.1
Project("{9A19103F-16F7-4668-BE54-9A1E7A4F7556}") = "ActionLibraryResourcePipeline", "ActionLibraryResourcePipeline\ActionLibraryResourcePipeline.csproj", "{C08A61E5-9F65-4240-9777-31FD4BE82756}"
EndProject
Project("{9A19103F-16F7-4668-BE54-9A1E7A4F7556}") = "SPICA", "SPICA\SPICA\SPICA.csproj", "{4B65F2BC-D00C-482A-AF07-9982C28B720E}"
EndProject
Global
	GlobalSection(SolutionConfigurationPlatforms) = preSolution
		Debug|Any CPU = Debug|Any CPU
		Release|Any CPU = Release|Any CPU
	EndGlobalSection
	GlobalSection(ProjectConfigurationPlatforms) = postSolution
		{C08A61E5-9F65-4240-9777-31FD4BE82756}.Debug|Any CPU.ActiveCfg = Debug|Any CPU
		{C08A61E5-9F65-4240-9777-31FD4BE82756}.Debug|Any CPU.Build.0 = Debug|Any CPU
		{C08A61E5-9F65-4240-9777-31FD4BE82756}.Release|Any CPU.ActiveCfg = Release|Any CPU
		{C08A61E5-9F65-4240-9777-31FD4BE82756}.Release|Any CPU.Build.0 = Release|Any CPU
		{4B65F2BC-D00C-482A-AF07-9982C28B720E}.Debug|Any CPU.ActiveCfg = Debug|Any CPU
		{4B65F2BC-D00C-482A-AF07-9982C28B720E}.Debug|Any CPU.Build.0 = Debug|Any CPU
		{4B65F2BC-D00C-482A-AF07-9982C28B720E}.Release|Any CPU.ActiveCfg = Release|Any CPU
		{4B65F2BC-D00C-482A-AF07-9982C28B720E}.Release|Any CPU.Build.0 = Release|Any CPU
	EndGlobalSection
	GlobalSection(SolutionProperties) = preSolution
		HideSolutionNode = FALSE
	EndGlobalSection
	GlobalSection(ExtensibilityGlobals) = postSolution
		SolutionGuid = {BC0FA419-2790-475F-900B-70B6E9A0DE18}
	EndGlobalSection
EndGlobal
